
Microsoft Visual Studio Solution File, Format Version 12.00
# Visual Studio Version 17
VisualStudioVersion = 17.0.32112.339
MinimumVisualStudioVersion = 10.0.40219.1
Project("{930C7802-8A8C-48F9-8165-68863BCCD9DD}") = "AIS_deputy_msi_installer", "AIS_deputy_msi_installer\AIS_deputy_msi_installer.wixproj", "{CB7466C4-E759-4FA1-B059-3E1C988AD876}"
EndProject
Global
	GlobalSection(SolutionConfigurationPlatforms) = preSolution
		Debug|x64 = Debug|x64
		Debug|x86 = Debug|x86
		Release|x64 = Release|x64
		Release|x86 = Release|x86
	EndGlobalSection
	GlobalSection(ProjectConfigurationPlatforms) = postSolution
		{CB7466C4-E759-4FA1-B059-3E1C988AD876}.Debug|x64.ActiveCfg = Debug|x64
		{CB7466C4-E759-4FA1-B059-3E1C988AD876}.Debug|x64.Build.0 = Debug|x64
		{CB7466C4-E759-4FA1-B059-3E1C988AD876}.Debug|x86.ActiveCfg = Debug|x86
		{CB7466C4-E759-4FA1-B059-3E1C988AD876}.Debug|x86.Build.0 = Debug|x86
		{CB7466C4-E759-4FA1-B059-3E1C988AD876}.Release|x64.ActiveCfg = Release|x64
		{CB7466C4-E759-4FA1-B059-3E1C988AD876}.Release|x64.Build.0 = Release|x64
		{CB7466C4-E759-4FA1-B059-3E1C988AD876}.Release|x86.ActiveCfg = Release|x86
		{CB7466C4-E759-4FA1-B059-3E1C988AD876}.Release|x86.Build.0 = Release|x86
	EndGlobalSection
	GlobalSection(SolutionProperties) = preSolution
		HideSolutionNode = FALSE
	EndGlobalSection
	GlobalSection(ExtensibilityGlobals) = postSolution
		SolutionGuid = {7EC2E6BA-30A0-4780-A3A5-0DB06104BB5B}
	EndGlobalSection
EndGlobal
