# Generated by pub
# See https://dart.dev/tools/pub/glossary#lockfile
packages:
  _fe_analyzer_shared:
    dependency: transitive
    description:
      name: _fe_analyzer_shared
      sha256: f256b0c0ba6c7577c15e2e4e114755640a875e885099367bf6e012b19314c834
      url: "https://pub.dev"
    source: hosted
    version: "72.0.0"
  _macros:
    dependency: transitive
    description: dart
    source: sdk
    version: "0.3.2"
  ais_model:
    dependency: "direct main"
    description:
      path: "/home/user/Desktop/AIS/AIS_voter_Novgorod/AIS_voting/src/clients/client_plugins/ais_model"
      relative: false
    source: path
    version: "0.0.0"
  analyzer:
    dependency: transitive
    description:
      name: analyzer
      sha256: b652861553cd3990d8ed361f7979dc6d7053a9ac8843fa73820ab68ce5410139
      url: "https://pub.dev"
    source: hosted
    version: "6.7.0"
  args:
    dependency: transitive
    description:
      name: args
      sha256: "7cf60b9f0cc88203c5a190b4cd62a99feea42759a7fa695010eb5de1c0b2252a"
      url: "https://pub.dev"
    source: hosted
    version: "2.5.0"
  async:
    dependency: transitive
    description:
      name: async
      sha256: "947bfcf187f74dbc5e146c9eb9c0f10c9f8b30743e341481c1e2ed3ecc18c20c"
      url: "https://pub.dev"
    source: hosted
    version: "2.11.0"
  buffer:
    dependency: transitive
    description:
      name: buffer
      sha256: "389da2ec2c16283c8787e0adaede82b1842102f8c8aae2f49003a766c5c6b3d1"
      url: "https://pub.dev"
    source: hosted
    version: "1.2.3"
  charcode:
    dependency: transitive
    description:
      name: charcode
      sha256: fb98c0f6d12c920a02ee2d998da788bca066ca5f148492b7085ee23372b12306
      url: "https://pub.dev"
    source: hosted
    version: "1.3.1"
  checked_yaml:
    dependency: transitive
    description:
      name: checked_yaml
      sha256: feb6bed21949061731a7a75fc5d2aa727cf160b91af9a3e464c5e3a32e28b5ff
      url: "https://pub.dev"
    source: hosted
    version: "2.0.3"
  clock:
    dependency: transitive
    description:
      name: clock
      sha256: cb6d7f03e1de671e34607e909a7213e31d7752be4fb66a86d29fe1eb14bfb5cf
      url: "https://pub.dev"
    source: hosted
    version: "1.1.1"
  collection:
    dependency: transitive
    description:
      name: collection
      sha256: ee67cb0715911d28db6bf4af1026078bd6f0128b07a5f66fb2ed94ec6783c09a
      url: "https://pub.dev"
    source: hosted
    version: "1.18.0"
  conduit:
    dependency: "direct main"
    description:
      path: "/home/user/Desktop/AIS/AIS_voter_Novgorod/AIS_voting/src/clients/client_plugins/conduit-5.1.3"
      relative: false
    source: path
    version: "5.1.3"
  conduit_codable:
    dependency: transitive
    description:
      name: conduit_codable
      sha256: "2e7ff016d25b0f9878d50d59922f23dbea9ca5b16a591ac7b6758ab24d649458"
      url: "https://pub.dev"
    source: hosted
    version: "5.1.3"
  conduit_common:
    dependency: transitive
    description:
      name: conduit_common
      sha256: d89ceaff6d538d02ff4e1ee418e4ae465f6451cd18b1c8507059efcfd6a9eeb1
      url: "https://pub.dev"
    source: hosted
    version: "5.1.3"
  conduit_config:
    dependency: transitive
    description:
      name: conduit_config
      sha256: d0c90950a3bfbd062d80a574719c7bf11d619eb658d40b3ad3b6771bf6468962
      url: "https://pub.dev"
    source: hosted
    version: "5.1.3"
  conduit_core:
    dependency: transitive
    description:
      name: conduit_core
      sha256: a259b57f8430dcb40469af12a920cfdc5b2449f29aa9dfcad06cd048e5cb2d43
      url: "https://pub.dev"
    source: hosted
    version: "5.1.3"
  conduit_isolate_exec:
    dependency: transitive
    description:
      name: conduit_isolate_exec
      sha256: "037e6766eb2e1aa2e6564072a8aa851f462cbf340008d558719be9abc9a2f492"
      url: "https://pub.dev"
    source: hosted
    version: "5.1.3"
  conduit_open_api:
    dependency: transitive
    description:
      name: conduit_open_api
      sha256: ebe17fe0df14f2232d4879ca2bda8a095ea0f6f4bf8dd48d64fceafa33108243
      url: "https://pub.dev"
    source: hosted
    version: "5.1.3"
  conduit_password_hash:
    dependency: transitive
    description:
      name: conduit_password_hash
      sha256: "771480d90ccb5e53b5b65d4cdfd6a1d04e4e71e0ea0b3e3b0a9ecbeba2885b96"
      url: "https://pub.dev"
    source: hosted
    version: "5.1.3"
  conduit_postgresql:
    dependency: transitive
    description:
      name: conduit_postgresql
      sha256: adb098f68c58dbc5ca379815d4797401d5637cc0e3b31eb4f195720b15c0b02b
      url: "https://pub.dev"
    source: hosted
    version: "5.1.3"
  conduit_runtime:
    dependency: transitive
    description:
      name: conduit_runtime
      sha256: "3ce97d3fa612ad586d5d52c0d3468285cacd27e4e4f702512d5f59d95804a79f"
      url: "https://pub.dev"
    source: hosted
    version: "5.1.3"
  convert:
    dependency: transitive
    description:
      name: convert
      sha256: "0f08b14755d163f6e2134cb58222dd25ea2a2ee8a195e53983d57c075324d592"
      url: "https://pub.dev"
    source: hosted
    version: "3.1.1"
  crypto:
    dependency: transitive
    description:
      name: crypto
      sha256: ec30d999af904f33454ba22ed9a86162b35e52b44ac4807d1d93c288041d7d27
      url: "https://pub.dev"
    source: hosted
    version: "3.0.5"
  enum_to_string:
    dependency: transitive
    description:
      name: enum_to_string
      sha256: bd9e83a33b754cb43a75b36a9af2a0b92a757bfd9847d2621ca0b1bed45f8e7a
      url: "https://pub.dev"
    source: hosted
    version: "2.0.1"
  file:
    dependency: transitive
    description:
      name: file
      sha256: "5fc22d7c25582e38ad9a8515372cd9a93834027aacf1801cf01164dac0ffa08c"
      url: "https://pub.dev"
    source: hosted
    version: "7.0.0"
  glob:
    dependency: transitive
    description:
      name: glob
      sha256: "0e7014b3b7d4dac1ca4d6114f82bf1782ee86745b9b42a92c9289c23d8a0ab63"
      url: "https://pub.dev"
    source: hosted
    version: "2.1.2"
  http_server:
    dependency: "direct main"
    description:
      name: http_server
      sha256: f1fd4de4f57ba5597fddf8029bc0d161e9151a69e1d87ccddec901d2b5a45b10
      url: "https://pub.dev"
    source: hosted
    version: "1.0.0"
  intl:
    dependency: transitive
    description:
      name: intl
      sha256: d6f56758b7d3014a48af9701c085700aac781a92a87a62b1333b46d8879661cf
      url: "https://pub.dev"
    source: hosted
    version: "0.19.0"
  io:
    dependency: transitive
    description:
      name: io
      sha256: "2ec25704aba361659e10e3e5f5d672068d332fc8ac516421d483a11e5cbd061e"
      url: "https://pub.dev"
    source: hosted
    version: "1.0.4"
  json_annotation:
    dependency: transitive
    description:
      name: json_annotation
      sha256: "1ce844379ca14835a50d2f019a3099f419082cfdd231cd86a142af94dd5c6bb1"
      url: "https://pub.dev"
    source: hosted
    version: "4.9.0"
  logging:
    dependency: transitive
    description:
      name: logging
      sha256: "623a88c9594aa774443aa3eb2d41807a48486b5613e67599fb4c41c0ad47c340"
      url: "https://pub.dev"
    source: hosted
    version: "1.2.0"
  macros:
    dependency: transitive
    description:
      name: macros
      sha256: "0acaed5d6b7eab89f63350bccd82119e6c602df0f391260d0e32b5e23db79536"
      url: "https://pub.dev"
    source: hosted
    version: "0.1.2-main.4"
  meta:
    dependency: transitive
    description:
      name: meta
      sha256: e3641ec5d63ebf0d9b41bd43201a66e3fc79a65db5f61fc181f04cd27aab950c
      url: "https://pub.dev"
    source: hosted
    version: "1.16.0"
  mime:
    dependency: "direct main"
    description:
      name: mime
      sha256: "801fd0b26f14a4a58ccb09d5892c3fbdeff209594300a542492cf13fba9d247a"
      url: "https://pub.dev"
    source: hosted
    version: "1.0.6"
  package_config:
    dependency: transitive
    description:
      name: package_config
      sha256: "1c5b77ccc91e4823a5af61ee74e6b972db1ef98c2ff5a18d3161c982a55448bd"
      url: "https://pub.dev"
    source: hosted
    version: "2.1.0"
  path:
    dependency: transitive
    description:
      name: path
      sha256: "087ce49c3f0dc39180befefc60fdb4acd8f8620e5682fe2476afd0b3688bb4af"
      url: "https://pub.dev"
    source: hosted
    version: "1.9.0"
  pool:
    dependency: transitive
    description:
      name: pool
      sha256: "20fe868b6314b322ea036ba325e6fc0711a22948856475e2c2b6306e8ab39c2a"
      url: "https://pub.dev"
    source: hosted
    version: "1.5.1"
  postgres:
    dependency: transitive
    description:
      name: postgres
      sha256: bc3a36f9960d822af1ac4c2e0a32c4e7a3e426d2ce4500c11afca40f53c34612
      url: "https://pub.dev"
    source: hosted
    version: "3.4.0"
  pub_semver:
    dependency: transitive
    description:
      name: pub_semver
      sha256: "40d3ab1bbd474c4c2328c91e3a7df8c6dd629b79ece4c4bd04bee496a224fb0c"
      url: "https://pub.dev"
    source: hosted
    version: "2.1.4"
  pubspec_parse:
    dependency: transitive
    description:
      name: pubspec_parse
      sha256: c799b721d79eb6ee6fa56f00c04b472dcd44a30d258fac2174a6ec57302678f8
      url: "https://pub.dev"
    source: hosted
    version: "1.3.0"
  recase:
    dependency: transitive
    description:
      name: recase
      sha256: e4eb4ec2dcdee52dcf99cb4ceabaffc631d7424ee55e56f280bc039737f89213
      url: "https://pub.dev"
    source: hosted
    version: "4.1.0"
  sasl_scram:
    dependency: transitive
    description:
      name: sasl_scram
      sha256: a47207a436eb650f8fdcf54a2e2587b850dc3caef9973ce01f332b07a6fc9cb9
      url: "https://pub.dev"
    source: hosted
    version: "0.1.1"
  saslprep:
    dependency: transitive
    description:
      name: saslprep
      sha256: "3d421d10be9513bf4459c17c5e70e7b8bc718c9fc5ad4ba5eb4f5fd27396f740"
      url: "https://pub.dev"
    source: hosted
    version: "1.0.3"
  source_span:
    dependency: transitive
    description:
      name: source_span
      sha256: "53e943d4206a5e30df338fd4c6e7a077e02254531b138a15aec3bd143c1a8b3c"
      url: "https://pub.dev"
    source: hosted
    version: "1.10.0"
  stack_trace:
    dependency: transitive
    description:
      name: stack_trace
      sha256: "9f47fd3630d76be3ab26f0ee06d213679aa425996925ff3feffdec504931c377"
      url: "https://pub.dev"
    source: hosted
    version: "1.12.0"
  stream_channel:
    dependency: transitive
    description:
      name: stream_channel
      sha256: ba2aa5d8cc609d96bbb2899c28934f9e1af5cddbd60a827822ea467161eb54e7
      url: "https://pub.dev"
    source: hosted
    version: "2.1.2"
  string_scanner:
    dependency: transitive
    description:
      name: string_scanner
      sha256: "688af5ed3402a4bde5b3a6c15fd768dbf2621a614950b17f04626c431ab3c4c3"
      url: "https://pub.dev"
    source: hosted
    version: "1.3.0"
  term_glyph:
    dependency: transitive
    description:
      name: term_glyph
      sha256: a29248a84fbb7c79282b40b8c72a1209db169a2e0542bce341da992fe1bc7e84
      url: "https://pub.dev"
    source: hosted
    version: "1.2.1"
  typed_data:
    dependency: transitive
    description:
      name: typed_data
      sha256: facc8d6582f16042dd49f2463ff1bd6e2c9ef9f3d5da3d9b087e244a7b564b3c
      url: "https://pub.dev"
    source: hosted
    version: "1.3.2"
  unorm_dart:
    dependency: transitive
    description:
      name: unorm_dart
      sha256: "23d8bf65605401a6a32cff99435fed66ef3dab3ddcad3454059165df46496a3b"
      url: "https://pub.dev"
    source: hosted
    version: "0.3.0"
  watcher:
    dependency: transitive
    description:
      name: watcher
      sha256: "3d2ad6751b3c16cf07c7fca317a1413b3f26530319181b37e3b9039b84fc01d8"
      url: "https://pub.dev"
    source: hosted
    version: "1.1.0"
  yaml:
    dependency: transitive
    description:
      name: yaml
      sha256: "75769501ea3489fca56601ff33454fe45507ea3bfb014161abc3b43ae25989d5"
      url: "https://pub.dev"
    source: hosted
    version: "3.1.2"
sdks:
  dart: ">=3.4.0 <4.0.0"
